
Microsoft Visual Studio Solution File, Format Version 12.00
# Visual Studio Version 17
VisualStudioVersion = 17.14.36518.9 d17.14
MinimumVisualStudioVersion = 10.0.40219.1
Project("{FAE04EC0-301F-11D3-BF4B-00C04F79EFBC}") = "WpfApp1", "WpfApp1\WpfApp1.csproj", "{7F9E45D1-CE0D-4136-A6D3-5601E9D87CB9}"
EndProject
Global
	GlobalSection(SolutionConfigurationPlatforms) = preSolution
		Debug|Any CPU = Debug|Any CPU
		Release|Any CPU = Release|Any CPU
	EndGlobalSection
	GlobalSection(ProjectConfigurationPlatforms) = postSolution
		{7F9E45D1-CE0D-4136-A6D3-5601E9D87CB9}.Debug|Any CPU.ActiveCfg = Debug|Any CPU
		{7F9E45D1-CE0D-4136-A6D3-5601E9D87CB9}.Debug|Any CPU.Build.0 = Debug|Any CPU
		{7F9E45D1-CE0D-4136-A6D3-5601E9D87CB9}.Release|Any CPU.ActiveCfg = Release|Any CPU
		{7F9E45D1-CE0D-4136-A6D3-5601E9D87CB9}.Release|Any CPU.Build.0 = Release|Any CPU
	EndGlobalSection
	GlobalSection(SolutionProperties) = preSolution
		HideSolutionNode = FALSE
	EndGlobalSection
	GlobalSection(ExtensibilityGlobals) = postSolution
		SolutionGuid = {55D5A64D-B261-4291-A343-FE7BD2CE8A6E}
	EndGlobalSection
EndGlobal
